
Microsoft Visual Studio Solution File, Format Version 12.00
# Visual Studio 14
VisualStudioVersion = 14.0.24720.0
MinimumVisualStudioVersion = 10.0.40219.1
Project("{FAE04EC0-301F-11D3-BF4B-00C04F79EFBC}") = "ElasticCaptainSmackDown", "ElasticCaptainSmackDown\ElasticCaptainSmackDown.csproj", "{6C97F4D4-3827-4BDD-A37D-1C1E72D0891E}"
EndProject
Global
	GlobalSection(SolutionConfigurationPlatforms) = preSolution
		Debug|Any CPU = Debug|Any CPU
		Release|Any CPU = Release|Any CPU
	EndGlobalSection
	GlobalSection(ProjectConfigurationPlatforms) = postSolution
		{6C97F4D4-3827-4BDD-A37D-1C1E72D0891E}.Debug|Any CPU.ActiveCfg = Debug|Any CPU
		{6C97F4D4-3827-4BDD-A37D-1C1E72D0891E}.Debug|Any CPU.Build.0 = Debug|Any CPU
		{6C97F4D4-3827-4BDD-A37D-1C1E72D0891E}.Release|Any CPU.ActiveCfg = Release|Any CPU
		{6C97F4D4-3827-4BDD-A37D-1C1E72D0891E}.Release|Any CPU.Build.0 = Release|Any CPU
	EndGlobalSection
	GlobalSection(SolutionProperties) = preSolution
		HideSolutionNode = FALSE
	EndGlobalSection
EndGlobal
